# THIS IS AN AUTOGENERATED FILE. DO NOT EDIT THIS FILE DIRECTLY.
# yarn lockfile v1


prosemirror@^0.11.1:
  version "0.11.1"
  resolved "https://registry.yarnpkg.com/prosemirror/-/prosemirror-0.11.1.tgz#4a2c40b824ededf1b1f56e6ece332621583c0887"
  integrity sha512-IZ35mmexuo3DNkMXs2A3bAm1jdlAJRVPor/bX1AWT+TdAR9fv6igUjRUFtQDCRUKwxH7ufwL1p6Um/MdgcbVIw==
